// !$*UTF8*$!
{
	archiveVersion = 1;
	classes = {
	};
	objectVersion = 46;
	objects = {

/* Begin PBXBuildFile section */
		4D6C9E3D204DFE9A00170B32 /* AppDelegate.swift in Sources */ = {isa = PBXBuildFile; fileRef = 4D6C9E3C204DFE9A00170B32 /* AppDelegate.swift */; };
		4D6C9E3F204DFE9A00170B32 /* FirstViewController.swift in Sources */ = {isa = PBXBuildFile; fileRef = 4D6C9E3E204DFE9A00170B32 /* FirstViewController.swift */; };
		4D6C9E41204DFE9A00170B32 /* SecondViewController.swift in Sources */ = {isa = PBXBuildFile; fileRef = 4D6C9E40204DFE9A00170B32 /* SecondViewController.swift */; };
		4D6C9E44204DFE9A00170B32 /* Main.storyboard in Resources */ = {isa = PBXBuildFile; fileRef = 4D6C9E42204DFE9A00170B32 /* Main.storyboard */; };
		4D6C9E46204DFE9A00170B32 /* Assets.xcassets in Resources */ = {isa = PBXBuildFile; fileRef = 4D6C9E45204DFE9A00170B32 /* Assets.xcassets */; };
		4D6C9E49204DFE9A00170B32 /* LaunchScreen.storyboard in Resources */ = {isa = PBXBuildFile; fileRef = 4D6C9E47204DFE9A00170B32 /* LaunchScreen.storyboard */; };
		4D6C9E54204DFE9B00170B32 /* tarea3PickerViewTests.swift in Sources */ = {isa = PBXBuildFile; fileRef = 4D6C9E53204DFE9B00170B32 /* tarea3PickerViewTests.swift */; };
		4D6C9E5F204DFE9B00170B32 /* tarea3PickerViewUITests.swift in Sources */ = {isa = PBXBuildFile; fileRef = 4D6C9E5E204DFE9B00170B32 /* tarea3PickerViewUITests.swift */; };
/* End PBXBuildFile section */

/* Begin PBXContainerItemProxy section */
		4D6C9E50204DFE9B00170B32 /* PBXContainerItemProxy */ = {
			isa = PBXContainerItemProxy;
			containerPortal = 4D6C9E31204DFE9A00170B32 /* Project object */;
			proxyType = 1;
			remoteGlobalIDString = 4D6C9E38204DFE9A00170B32;
			remoteInfo = tarea3PickerView;
		};
		4D6C9E5B204DFE9B00170B32 /* PBXContainerItemProxy */ = {
			isa = PBXContainerItemProxy;
			containerPortal = 4D6C9E31204DFE9A00170B32 /* Project object */;
			proxyType = 1;
			remoteGlobalIDString = 4D6C9E38204DFE9A00170B32;
			remoteInfo = tarea3PickerView;
		};
/* End PBXContainerItemProxy section */

/* Begin PBXFileReference section */
		4D6C9E39204DFE9A00170B32 /* tarea3PickerView.app */ = {isa = PBXFileReference; explicitFileType = wrapper.application; includeInIndex = 0; path = tarea3PickerView.app; sourceTree = BUILT_PRODUCTS_DIR; };
		4D6C9E3C204DFE9A00170B32 /* AppDelegate.swift */ = {isa = PBXFileReference; lastKnownFileType = sourcecode.swift; path = AppDelegate.swift; sourceTree = "<group>"; };
		4D6C9E3E204DFE9A00170B32 /* FirstViewController.swift */ = {isa = PBXFileReference; lastKnownFileType = sourcecode.swift; path = FirstViewController.swift; sourceTree = "<group>"; };
		4D6C9E40204DFE9A00170B32 /* SecondViewController.swift */ = {isa = PBXFileReference; lastKnownFileType = sourcecode.swift; path = SecondViewController.swift; sourceTree = "<group>"; };
		4D6C9E43204DFE9A00170B32 /* Base */ = {isa = PBXFileReference; lastKnownFileType = file.storyboard; name = Base; path = Base.lproj/Main.storyboard; sourceTree = "<group>"; };
		4D6C9E45204DFE9A00170B32 /* Assets.xcassets */ = {isa = PBXFileReference; lastKnownFileType = folder.assetcatalog; path = Assets.xcassets; sourceTree = "<group>"; };
		4D6C9E48204DFE9A00170B32 /* Base */ = {isa = PBXFileReference; lastKnownFileType = file.storyboard; name = Base; path = Base.lproj/LaunchScreen.storyboard; sourceTree = "<group>"; };
		4D6C9E4A204DFE9A00170B32 /* Info.plist */ = {isa = PBXFileReference; lastKnownFileType = text.plist.xml; path = Info.plist; sourceTree = "<group>"; };
		4D6C9E4F204DFE9B00170B32 /* tarea3PickerViewTests.xctest */ = {isa = PBXFileReference; explicitFileType = wrapper.cfbundle; includeInIndex = 0; path = tarea3PickerViewTests.xctest; sourceTree = BUILT_PRODUCTS_DIR; };
		4D6C9E53204DFE9B00170B32 /* tarea3PickerViewTests.swift */ = {isa = PBXFileReference; lastKnownFileType = sourcecode.swift; path = tarea3PickerViewTests.swift; sourceTree = "<group>"; };
		4D6C9E55204DFE9B00170B32 /* Info.plist */ = {isa = PBXFileReference; lastKnownFileType = text.plist.xml; path = Info.plist; sourceTree = "<group>"; };
		4D6C9E5A204DFE9B00170B32 /* tarea3PickerViewUITests.xctest */ = {isa = PBXFileReference; explicitFileType = wrapper.cfbundle; includeInIndex = 0; path = tarea3PickerViewUITests.xctest; sourceTree = BUILT_PRODUCTS_DIR; };
		4D6C9E5E204DFE9B00170B32 /* tarea3PickerViewUITests.swift */ = {isa = PBXFileReference; lastKnownFileType = sourcecode.swift; path = tarea3PickerViewUITests.swift; sourceTree = "<group>"; };
		4D6C9E60204DFE9B00170B32 /* Info.plist */ = {isa = PBXFileReference; lastKnownFileType = text.plist.xml; path = Info.plist; sourceTree = "<group>"; };
/* End PBXFileReference section */

/* Begin PBXFrameworksBuildPhase section */
		4D6C9E36204DFE9A00170B32 /* Frameworks */ = {
			isa = PBXFrameworksBuildPhase;
			buildActionMask = 2147483647;
			files = (
			);
			runOnlyForDeploymentPostprocessing = 0;
		};
		4D6C9E4C204DFE9B00170B32 /* Frameworks */ = {
			isa = PBXFrameworksBuildPhase;
			buildActionMask = 2147483647;
			files = (
			);
			runOnlyForDeploymentPostprocessing = 0;
		};
		4D6C9E57204DFE9B00170B32 /* Frameworks */ = {
			isa = PBXFrameworksBuildPhase;
			buildActionMask = 2147483647;
			files = (
			);
			runOnlyForDeploymentPostprocessing = 0;
		};
/* End PBXFrameworksBuildPhase section */

/* Begin PBXGroup section */
		4D6C9E30204DFE9A00170B32 = {
			isa = PBXGroup;
			children = (
				4D6C9E3B204DFE9A00170B32 /* tarea3PickerView */,
				4D6C9E52204DFE9B00170B32 /* tarea3PickerViewTests */,
				4D6C9E5D204DFE9B00170B32 /* tarea3PickerViewUITests */,
				4D6C9E3A204DFE9A00170B32 /* Products */,
			);
			sourceTree = "<group>";
		};
		4D6C9E3A204DFE9A00170B32 /* Products */ = {
			isa = PBXGroup;
			children = (
				4D6C9E39204DFE9A00170B32 /* tarea3PickerView.app */,
				4D6C9E4F204DFE9B00170B32 /* tarea3PickerViewTests.xctest */,
				4D6C9E5A204DFE9B00170B32 /* tarea3PickerViewUITests.xctest */,
			);
			name = Products;
			sourceTree = "<group>";
		};
		4D6C9E3B204DFE9A00170B32 /* tarea3PickerView */ = {
			isa = PBXGroup;
			children = (
				4D6C9E3C204DFE9A00170B32 /* AppDelegate.swift */,
				4D6C9E3E204DFE9A00170B32 /* FirstViewController.swift */,
				4D6C9E40204DFE9A00170B32 /* SecondViewController.swift */,
				4D6C9E42204DFE9A00170B32 /* Main.storyboard */,
				4D6C9E45204DFE9A00170B32 /* Assets.xcassets */,
				4D6C9E47204DFE9A00170B32 /* LaunchScreen.storyboard */,
				4D6C9E4A204DFE9A00170B32 /* Info.plist */,
			);
			path = tarea3PickerView;
			sourceTree = "<group>";
		};
		4D6C9E52204DFE9B00170B32 /* tarea3PickerViewTests */ = {
			isa = PBXGroup;
			children = (
				4D6C9E53204DFE9B00170B32 /* tarea3PickerViewTests.swift */,
				4D6C9E55204DFE9B00170B32 /* Info.plist */,
			);
			path = tarea3PickerViewTests;
			sourceTree = "<group>";
		};
		4D6C9E5D204DFE9B00170B32 /* tarea3PickerViewUITests */ = {
			isa = PBXGroup;
			children = (
				4D6C9E5E204DFE9B00170B32 /* tarea3PickerViewUITests.swift */,
				4D6C9E60204DFE9B00170B32 /* Info.plist */,
			);
			path = tarea3PickerViewUITests;
			sourceTree = "<group>";
		};
/* End PBXGroup section */

/* Begin PBXNativeTarget section */
		4D6C9E38204DFE9A00170B32 /* tarea3PickerView */ = {
			isa = PBXNativeTarget;
			buildConfigurationList = 4D6C9E63204DFE9B00170B32 /* Build configuration list for PBXNativeTarget "tarea3PickerView" */;
			buildPhases = (
				4D6C9E35204DFE9A00170B32 /* Sources */,
				4D6C9E36204DFE9A00170B32 /* Frameworks */,
				4D6C9E37204DFE9A00170B32 /* Resources */,
			);
			buildRules = (
			);
			dependencies = (
			);
			name = tarea3PickerView;
			productName = tarea3PickerView;
			productReference = 4D6C9E39204DFE9A00170B32 /* tarea3PickerView.app */;
			productType = "com.apple.product-type.application";
		};
		4D6C9E4E204DFE9B00170B32 /* tarea3PickerViewTests */ = {
			isa = PBXNativeTarget;
			buildConfigurationList = 4D6C9E66204DFE9B00170B32 /* Build configuration list for PBXNativeTarget "tarea3PickerViewTests" */;
			buildPhases = (
				4D6C9E4B204DFE9B00170B32 /* Sources */,
				4D6C9E4C204DFE9B00170B32 /* Frameworks */,
				4D6C9E4D204DFE9B00170B32 /* Resources */,
			);
			buildRules = (
			);
			dependencies = (
				4D6C9E51204DFE9B00170B32 /* PBXTargetDependency */,
			);
			name = tarea3PickerViewTests;
			productName = tarea3PickerViewTests;
			productReference = 4D6C9E4F204DFE9B00170B32 /* tarea3PickerViewTests.xctest */;
			productType = "com.apple.product-type.bundle.unit-test";
		};
		4D6C9E59204DFE9B00170B32 /* tarea3PickerViewUITests */ = {
			isa = PBXNativeTarget;
			buildConfigurationList = 4D6C9E69204DFE9B00170B32 /* Build configuration list for PBXNativeTarget "tarea3PickerViewUITests" */;
			buildPhases = (
				4D6C9E56204DFE9B00170B32 /* Sources */,
				4D6C9E57204DFE9B00170B32 /* Frameworks */,
				4D6C9E58204DFE9B00170B32 /* Resources */,
			);
			buildRules = (
			);
			dependencies = (
				4D6C9E5C204DFE9B00170B32 /* PBXTargetDependency */,
			);
			name = tarea3PickerViewUITests;
			productName = tarea3PickerViewUITests;
			productReference = 4D6C9E5A204DFE9B00170B32 /* tarea3PickerViewUITests.xctest */;
			productType = "com.apple.product-type.bundle.ui-testing";
		};
/* End PBXNativeTarget section */

/* Begin PBXProject section */
		4D6C9E31204DFE9A00170B32 /* Project object */ = {
			isa = PBXProject;
			attributes = {
				LastSwiftUpdateCheck = 0820;
				LastUpgradeCheck = 0820;
				ORGANIZATIONNAME = "Hernán Iruegas Villarreal";
				TargetAttributes = {
					4D6C9E38204DFE9A00170B32 = {
						CreatedOnToolsVersion = 8.2;
						ProvisioningStyle = Automatic;
					};
					4D6C9E4E204DFE9B00170B32 = {
						CreatedOnToolsVersion = 8.2;
						ProvisioningStyle = Automatic;
						TestTargetID = 4D6C9E38204DFE9A00170B32;
					};
					4D6C9E59204DFE9B00170B32 = {
						CreatedOnToolsVersion = 8.2;
						ProvisioningStyle = Automatic;
						TestTargetID = 4D6C9E38204DFE9A00170B32;
					};
				};
			};
			buildConfigurationList = 4D6C9E34204DFE9A00170B32 /* Build configuration list for PBXProject "tarea3PickerView" */;
			compatibilityVersion = "Xcode 3.2";
			developmentRegion = English;
			hasScannedForEncodings = 0;
			knownRegions = (
				en,
				Base,
			);
			mainGroup = 4D6C9E30204DFE9A00170B32;
			productRefGroup = 4D6C9E3A204DFE9A00170B32 /* Products */;
			projectDirPath = "";
			projectRoot = "";
			targets = (
				4D6C9E38204DFE9A00170B32 /* tarea3PickerView */,
				4D6C9E4E204DFE9B00170B32 /* tarea3PickerViewTests */,
				4D6C9E59204DFE9B00170B32 /* tarea3PickerViewUITests */,
			);
		};
/* End PBXProject section */

/* Begin PBXResourcesBuildPhase section */
		4D6C9E37204DFE9A00170B32 /* Resources */ = {
			isa = PBXResourcesBuildPhase;
			buildActionMask = 2147483647;
			files = (
				4D6C9E49204DFE9A00170B32 /* LaunchScreen.storyboard in Resources */,
				4D6C9E46204DFE9A00170B32 /* Assets.xcassets in Resources */,
				4D6C9E44204DFE9A00170B32 /* Main.storyboard in Resources */,
			);
			runOnlyForDeploymentPostprocessing = 0;
		};
		4D6C9E4D204DFE9B00170B32 /* Resources */ = {
			isa = PBXResourcesBuildPhase;
			buildActionMask = 2147483647;
			files = (
			);
			runOnlyForDeploymentPostprocessing = 0;
		};
		4D6C9E58204DFE9B00170B32 /* Resources */ = {
			isa = PBXResourcesBuildPhase;
			buildActionMask = 2147483647;
			files = (
			);
			runOnlyForDeploymentPostprocessing = 0;
		};
/* End PBXResourcesBuildPhase section */

/* Begin PBXSourcesBuildPhase section */
		4D6C9E35204DFE9A00170B32 /* Sources */ = {
			isa = PBXSourcesBuildPhase;
			buildActionMask = 2147483647;
			files = (
				4D6C9E41204DFE9A00170B32 /* SecondViewController.swift in Sources */,
				4D6C9E3D204DFE9A00170B32 /* AppDelegate.swift in Sources */,
				4D6C9E3F204DFE9A00170B32 /* FirstViewController.swift in Sources */,
			);
			runOnlyForDeploymentPostprocessing = 0;
		};
		4D6C9E4B204DFE9B00170B32 /* Sources */ = {
			isa = PBXSourcesBuildPhase;
			buildActionMask = 2147483647;
			files = (
				4D6C9E54204DFE9B00170B32 /* tarea3PickerViewTests.swift in Sources */,
			);
			runOnlyForDeploymentPostprocessing = 0;
		};
		4D6C9E56204DFE9B00170B32 /* Sources */ = {
			isa = PBXSourcesBuildPhase;
			buildActionMask = 2147483647;
			files = (
				4D6C9E5F204DFE9B00170B32 /* tarea3PickerViewUITests.swift in Sources */,
			);
			runOnlyForDeploymentPostprocessing = 0;
		};
/* End PBXSourcesBuildPhase section */

/* Begin PBXTargetDependency section */
		4D6C9E51204DFE9B00170B32 /* PBXTargetDependency */ = {
			isa = PBXTargetDependency;
			target = 4D6C9E38204DFE9A00170B32 /* tarea3PickerView */;
			targetProxy = 4D6C9E50204DFE9B00170B32 /* PBXContainerItemProxy */;
		};
		4D6C9E5C204DFE9B00170B32 /* PBXTargetDependency */ = {
			isa = PBXTargetDependency;
			target = 4D6C9E38204DFE9A00170B32 /* tarea3PickerView */;
			targetProxy = 4D6C9E5B204DFE9B00170B32 /* PBXContainerItemProxy */;
		};
/* End PBXTargetDependency section */

/* Begin PBXVariantGroup section */
		4D6C9E42204DFE9A00170B32 /* Main.storyboard */ = {
			isa = PBXVariantGroup;
			children = (
				4D6C9E43204DFE9A00170B32 /* Base */,
			);
			name = Main.storyboard;
			sourceTree = "<group>";
		};
		4D6C9E47204DFE9A00170B32 /* LaunchScreen.storyboard */ = {
			isa = PBXVariantGroup;
			children = (
				4D6C9E48204DFE9A00170B32 /* Base */,
			);
			name = LaunchScreen.storyboard;
			sourceTree = "<group>";
		};
/* End PBXVariantGroup section */

/* Begin XCBuildConfiguration section */
		4D6C9E61204DFE9B00170B32 /* Debug */ = {
			isa = XCBuildConfiguration;
			buildSettings = {
				ALWAYS_SEARCH_USER_PATHS = NO;
				CLANG_ANALYZER_NONNULL = YES;
				CLANG_CXX_LANGUAGE_STANDARD = "gnu++0x";
				CLANG_CXX_LIBRARY = "libc++";
				CLANG_ENABLE_MODULES = YES;
				CLANG_ENABLE_OBJC_ARC = YES;
				CLANG_WARN_BOOL_CONVERSION = YES;
				CLANG_WARN_CONSTANT_CONVERSION = YES;
				CLANG_WARN_DIRECT_OBJC_ISA_USAGE = YES_ERROR;
				CLANG_WARN_DOCUMENTATION_COMMENTS = YES;
				CLANG_WARN_EMPTY_BODY = YES;
				CLANG_WARN_ENUM_CONVERSION = YES;
				CLANG_WARN_INFINITE_RECURSION = YES;
				CLANG_WARN_INT_CONVERSION = YES;
				CLANG_WARN_OBJC_ROOT_CLASS = YES_ERROR;
				CLANG_WARN_SUSPICIOUS_MOVE = YES;
				CLANG_WARN_UNREACHABLE_CODE = YES;
				CLANG_WARN__DUPLICATE_METHOD_MATCH = YES;
				"CODE_SIGN_IDENTITY[sdk=iphoneos*]" = "iPhone Developer";
				COPY_PHASE_STRIP = NO;
				DEBUG_INFORMATION_FORMAT = dwarf;
				ENABLE_STRICT_OBJC_MSGSEND = YES;
				ENABLE_TESTABILITY = YES;
				GCC_C_LANGUAGE_STANDARD = gnu99;
				GCC_DYNAMIC_NO_PIC = NO;
				GCC_NO_COMMON_BLOCKS = YES;
				GCC_OPTIMIZATION_LEVEL = 0;
				GCC_PREPROCESSOR_DEFINITIONS = (
					"DEBUG=1",
					"$(inherited)",
				);
				GCC_WARN_64_TO_32_BIT_CONVERSION = YES;
				GCC_WARN_ABOUT_RETURN_TYPE = YES_ERROR;
				GCC_WARN_UNDECLARED_SELECTOR = YES;
				GCC_WARN_UNINITIALIZED_AUTOS = YES_AGGRESSIVE;
				GCC_WARN_UNUSED_FUNCTION = YES;
				GCC_WARN_UNUSED_VARIABLE = YES;
				IPHONEOS_DEPLOYMENT_TARGET = 10.2;
				MTL_ENABLE_DEBUG_INFO = YES;
				ONLY_ACTIVE_ARCH = YES;
				SDKROOT = iphoneos;
				SWIFT_ACTIVE_COMPILATION_CONDITIONS = DEBUG;
				SWIFT_OPTIMIZATION_LEVEL = "-Onone";
				TARGETED_DEVICE_FAMILY = "1,2";
			};
			name = Debug;
		};
		4D6C9E62204DFE9B00170B32 /* Release */ = {
			isa = XCBuildConfiguration;
			buildSettings = {
				ALWAYS_SEARCH_USER_PATHS = NO;
				CLANG_ANALYZER_NONNULL = YES;
				CLANG_CXX_LANGUAGE_STANDARD = "gnu++0x";
				CLANG_CXX_LIBRARY = "libc++";
				CLANG_ENABLE_MODULES = YES;
				CLANG_ENABLE_OBJC_ARC = YES;
				CLANG_WARN_BOOL_CONVERSION = YES;
				CLANG_WARN_CONSTANT_CONVERSION = YES;
				CLANG_WARN_DIRECT_OBJC_ISA_USAGE = YES_ERROR;
				CLANG_WARN_DOCUMENTATION_COMMENTS = YES;
				CLANG_WARN_EMPTY_BODY = YES;
				CLANG_WARN_ENUM_CONVERSION = YES;
				CLANG_WARN_INFINITE_RECURSION = YES;
				CLANG_WARN_INT_CONVERSION = YES;
				CLANG_WARN_OBJC_ROOT_CLASS = YES_ERROR;
				CLANG_WARN_SUSPICIOUS_MOVE = YES;
				CLANG_WARN_UNREACHABLE_CODE = YES;
				CLANG_WARN__DUPLICATE_METHOD_MATCH = YES;
				"CODE_SIGN_IDENTITY[sdk=iphoneos*]" = "iPhone Developer";
				COPY_PHASE_STRIP = NO;
				DEBUG_INFORMATION_FORMAT = "dwarf-with-dsym";
				ENABLE_NS_ASSERTIONS = NO;
				ENABLE_STRICT_OBJC_MSGSEND = YES;
				GCC_C_LANGUAGE_STANDARD = gnu99;
				GCC_NO_COMMON_BLOCKS = YES;
				GCC_WARN_64_TO_32_BIT_CONVERSION = YES;
				GCC_WARN_ABOUT_RETURN_TYPE = YES_ERROR;
				GCC_WARN_UNDECLARED_SELECTOR = YES;
				GCC_WARN_UNINITIALIZED_AUTOS = YES_AGGRESSIVE;
				GCC_WARN_UNUSED_FUNCTION = YES;
				GCC_WARN_UNUSED_VARIABLE = YES;
				IPHONEOS_DEPLOYMENT_TARGET = 10.2;
				MTL_ENABLE_DEBUG_INFO = NO;
				SDKROOT = iphoneos;
				SWIFT_OPTIMIZATION_LEVEL = "-Owholemodule";
				TARGETED_DEVICE_FAMILY = "1,2";
				VALIDATE_PRODUCT = YES;
			};
			name = Release;
		};
		4D6C9E64204DFE9B00170B32 /* Debug */ = {
			isa = XCBuildConfiguration;
			buildSettings = {
				ASSETCATALOG_COMPILER_APPICON_NAME = AppIcon;
				INFOPLIST_FILE = tarea3PickerView/Info.plist;
				LD_RUNPATH_SEARCH_PATHS = "$(inherited) @executable_path/Frameworks";
				PRODUCT_BUNDLE_IDENTIFIER = hernan.tarea3PickerView;
				PRODUCT_NAME = "$(TARGET_NAME)";
				SWIFT_VERSION = 3.0;
			};
			name = Debug;
		};
		4D6C9E65204DFE9B00170B32 /* Release */ = {
			isa = XCBuildConfiguration;
			buildSettings = {
				ASSETCATALOG_COMPILER_APPICON_NAME = AppIcon;
				INFOPLIST_FILE = tarea3PickerView/Info.plist;
				LD_RUNPATH_SEARCH_PATHS = "$(inherited) @executable_path/Frameworks";
				PRODUCT_BUNDLE_IDENTIFIER = hernan.tarea3PickerView;
				PRODUCT_NAME = "$(TARGET_NAME)";
				SWIFT_VERSION = 3.0;
			};
			name = Release;
		};
		4D6C9E67204DFE9B00170B32 /* Debug */ = {
			isa = XCBuildConfiguration;
			buildSettings = {
				ALWAYS_EMBED_SWIFT_STANDARD_LIBRARIES = YES;
				BUNDLE_LOADER = "$(TEST_HOST)";
				INFOPLIST_FILE = tarea3PickerViewTests/Info.plist;
				LD_RUNPATH_SEARCH_PATHS = "$(inherited) @executable_path/Frameworks @loader_path/Frameworks";
				PRODUCT_BUNDLE_IDENTIFIER = hernan.tarea3PickerViewTests;
				PRODUCT_NAME = "$(TARGET_NAME)";
				SWIFT_VERSION = 3.0;
				TEST_HOST = "$(BUILT_PRODUCTS_DIR)/tarea3PickerView.app/tarea3PickerView";
			};
			name = Debug;
		};
		4D6C9E68204DFE9B00170B32 /* Release */ = {
			isa = XCBuildConfiguration;
			buildSettings = {
				ALWAYS_EMBED_SWIFT_STANDARD_LIBRARIES = YES;
				BUNDLE_LOADER = "$(TEST_HOST)";
				INFOPLIST_FILE = tarea3PickerViewTests/Info.plist;
				LD_RUNPATH_SEARCH_PATHS = "$(inherited) @executable_path/Frameworks @loader_path/Frameworks";
				PRODUCT_BUNDLE_IDENTIFIER = hernan.tarea3PickerViewTests;
				PRODUCT_NAME = "$(TARGET_NAME)";
				SWIFT_VERSION = 3.0;
				TEST_HOST = "$(BUILT_PRODUCTS_DIR)/tarea3PickerView.app/tarea3PickerView";
			};
			name = Release;
		};
		4D6C9E6A204DFE9B00170B32 /* Debug */ = {
			isa = XCBuildConfiguration;
			buildSettings = {
				ALWAYS_EMBED_SWIFT_STANDARD_LIBRARIES = YES;
				INFOPLIST_FILE = tarea3PickerViewUITests/Info.plist;
				LD_RUNPATH_SEARCH_PATHS = "$(inherited) @executable_path/Frameworks @loader_path/Frameworks";
				PRODUCT_BUNDLE_IDENTIFIER = hernan.tarea3PickerViewUITests;
				PRODUCT_NAME = "$(TARGET_NAME)";
				SWIFT_VERSION = 3.0;
				TEST_TARGET_NAME = tarea3PickerView;
			};
			name = Debug;
		};
		4D6C9E6B204DFE9B00170B32 /* Release */ = {
			isa = XCBuildConfiguration;
			buildSettings = {
				ALWAYS_EMBED_SWIFT_STANDARD_LIBRARIES = YES;
				INFOPLIST_FILE = tarea3PickerViewUITests/Info.plist;
				LD_RUNPATH_SEARCH_PATHS = "$(inherited) @executable_path/Frameworks @loader_path/Frameworks";
				PRODUCT_BUNDLE_IDENTIFIER = hernan.tarea3PickerViewUITests;
				PRODUCT_NAME = "$(TARGET_NAME)";
				SWIFT_VERSION = 3.0;
				TEST_TARGET_NAME = tarea3PickerView;
			};
			name = Release;
		};
/* End XCBuildConfiguration section */

/* Begin XCConfigurationList section */
		4D6C9E34204DFE9A00170B32 /* Build configuration list for PBXProject "tarea3PickerView" */ = {
			isa = XCConfigurationList;
			buildConfigurations = (
				4D6C9E61204DFE9B00170B32 /* Debug */,
				4D6C9E62204DFE9B00170B32 /* Release */,
			);
			defaultConfigurationIsVisible = 0;
			defaultConfigurationName = Release;
		};
		4D6C9E63204DFE9B00170B32 /* Build configuration list for PBXNativeTarget "tarea3PickerView" */ = {
			isa = XCConfigurationList;
			buildConfigurations = (
				4D6C9E64204DFE9B00170B32 /* Debug */,
				4D6C9E65204DFE9B00170B32 /* Release */,
			);
			defaultConfigurationIsVisible = 0;
		};
		4D6C9E66204DFE9B00170B32 /* Build configuration list for PBXNativeTarget "tarea3PickerViewTests" */ = {
			isa = XCConfigurationList;
			buildConfigurations = (
				4D6C9E67204DFE9B00170B32 /* Debug */,
				4D6C9E68204DFE9B00170B32 /* Release */,
			);
			defaultConfigurationIsVisible = 0;
		};
		4D6C9E69204DFE9B00170B32 /* Build configuration list for PBXNativeTarget "tarea3PickerViewUITests" */ = {
			isa = XCConfigurationList;
			buildConfigurations = (
				4D6C9E6A204DFE9B00170B32 /* Debug */,
				4D6C9E6B204DFE9B00170B32 /* Release */,
			);
			defaultConfigurationIsVisible = 0;
		};
/* End XCConfigurationList section */
	};
	rootObject = 4D6C9E31204DFE9A00170B32 /* Project object */;
}
