// !$*UTF8*$!
{
	archiveVersion = 1;
	classes = {
	};
	objectVersion = 46;
	objects = {

/* Begin PBXBuildFile section */
		4D22893D204874B300DFFA94 /* AppDelegate.swift in Sources */ = {isa = PBXBuildFile; fileRef = 4D22893C204874B300DFFA94 /* AppDelegate.swift */; };
		4D22893F204874B300DFFA94 /* ViewController.swift in Sources */ = {isa = PBXBuildFile; fileRef = 4D22893E204874B300DFFA94 /* ViewController.swift */; };
		4D228942204874B300DFFA94 /* Main.storyboard in Resources */ = {isa = PBXBuildFile; fileRef = 4D228940204874B300DFFA94 /* Main.storyboard */; };
		4D228944204874B300DFFA94 /* Assets.xcassets in Resources */ = {isa = PBXBuildFile; fileRef = 4D228943204874B300DFFA94 /* Assets.xcassets */; };
		4D228947204874B300DFFA94 /* LaunchScreen.storyboard in Resources */ = {isa = PBXBuildFile; fileRef = 4D228945204874B300DFFA94 /* LaunchScreen.storyboard */; };
		4D228952204874B300DFFA94 /* cargarDatosPropertyListTests.swift in Sources */ = {isa = PBXBuildFile; fileRef = 4D228951204874B300DFFA94 /* cargarDatosPropertyListTests.swift */; };
		4D22895D204874B300DFFA94 /* cargarDatosPropertyListUITests.swift in Sources */ = {isa = PBXBuildFile; fileRef = 4D22895C204874B300DFFA94 /* cargarDatosPropertyListUITests.swift */; };
		4D22896B204874DB00DFFA94 /* Property List.plist in Resources */ = {isa = PBXBuildFile; fileRef = 4D22896A204874DB00DFFA94 /* Property List.plist */; };
/* End PBXBuildFile section */

/* Begin PBXContainerItemProxy section */
		4D22894E204874B300DFFA94 /* PBXContainerItemProxy */ = {
			isa = PBXContainerItemProxy;
			containerPortal = 4D228931204874B300DFFA94 /* Project object */;
			proxyType = 1;
			remoteGlobalIDString = 4D228938204874B300DFFA94;
			remoteInfo = cargarDatosPropertyList;
		};
		4D228959204874B300DFFA94 /* PBXContainerItemProxy */ = {
			isa = PBXContainerItemProxy;
			containerPortal = 4D228931204874B300DFFA94 /* Project object */;
			proxyType = 1;
			remoteGlobalIDString = 4D228938204874B300DFFA94;
			remoteInfo = cargarDatosPropertyList;
		};
/* End PBXContainerItemProxy section */

/* Begin PBXFileReference section */
		4D228939204874B300DFFA94 /* cargarDatosPropertyList.app */ = {isa = PBXFileReference; explicitFileType = wrapper.application; includeInIndex = 0; path = cargarDatosPropertyList.app; sourceTree = BUILT_PRODUCTS_DIR; };
		4D22893C204874B300DFFA94 /* AppDelegate.swift */ = {isa = PBXFileReference; lastKnownFileType = sourcecode.swift; path = AppDelegate.swift; sourceTree = "<group>"; };
		4D22893E204874B300DFFA94 /* ViewController.swift */ = {isa = PBXFileReference; lastKnownFileType = sourcecode.swift; path = ViewController.swift; sourceTree = "<group>"; };
		4D228941204874B300DFFA94 /* Base */ = {isa = PBXFileReference; lastKnownFileType = file.storyboard; name = Base; path = Base.lproj/Main.storyboard; sourceTree = "<group>"; };
		4D228943204874B300DFFA94 /* Assets.xcassets */ = {isa = PBXFileReference; lastKnownFileType = folder.assetcatalog; path = Assets.xcassets; sourceTree = "<group>"; };
		4D228946204874B300DFFA94 /* Base */ = {isa = PBXFileReference; lastKnownFileType = file.storyboard; name = Base; path = Base.lproj/LaunchScreen.storyboard; sourceTree = "<group>"; };
		4D228948204874B300DFFA94 /* Info.plist */ = {isa = PBXFileReference; lastKnownFileType = text.plist.xml; path = Info.plist; sourceTree = "<group>"; };
		4D22894D204874B300DFFA94 /* cargarDatosPropertyListTests.xctest */ = {isa = PBXFileReference; explicitFileType = wrapper.cfbundle; includeInIndex = 0; path = cargarDatosPropertyListTests.xctest; sourceTree = BUILT_PRODUCTS_DIR; };
		4D228951204874B300DFFA94 /* cargarDatosPropertyListTests.swift */ = {isa = PBXFileReference; lastKnownFileType = sourcecode.swift; path = cargarDatosPropertyListTests.swift; sourceTree = "<group>"; };
		4D228953204874B300DFFA94 /* Info.plist */ = {isa = PBXFileReference; lastKnownFileType = text.plist.xml; path = Info.plist; sourceTree = "<group>"; };
		4D228958204874B300DFFA94 /* cargarDatosPropertyListUITests.xctest */ = {isa = PBXFileReference; explicitFileType = wrapper.cfbundle; includeInIndex = 0; path = cargarDatosPropertyListUITests.xctest; sourceTree = BUILT_PRODUCTS_DIR; };
		4D22895C204874B300DFFA94 /* cargarDatosPropertyListUITests.swift */ = {isa = PBXFileReference; lastKnownFileType = sourcecode.swift; path = cargarDatosPropertyListUITests.swift; sourceTree = "<group>"; };
		4D22895E204874B300DFFA94 /* Info.plist */ = {isa = PBXFileReference; lastKnownFileType = text.plist.xml; path = Info.plist; sourceTree = "<group>"; };
		4D22896A204874DB00DFFA94 /* Property List.plist */ = {isa = PBXFileReference; fileEncoding = 4; lastKnownFileType = text.plist.xml; path = "Property List.plist"; sourceTree = "<group>"; };
/* End PBXFileReference section */

/* Begin PBXFrameworksBuildPhase section */
		4D228936204874B300DFFA94 /* Frameworks */ = {
			isa = PBXFrameworksBuildPhase;
			buildActionMask = 2147483647;
			files = (
			);
			runOnlyForDeploymentPostprocessing = 0;
		};
		4D22894A204874B300DFFA94 /* Frameworks */ = {
			isa = PBXFrameworksBuildPhase;
			buildActionMask = 2147483647;
			files = (
			);
			runOnlyForDeploymentPostprocessing = 0;
		};
		4D228955204874B300DFFA94 /* Frameworks */ = {
			isa = PBXFrameworksBuildPhase;
			buildActionMask = 2147483647;
			files = (
			);
			runOnlyForDeploymentPostprocessing = 0;
		};
/* End PBXFrameworksBuildPhase section */

/* Begin PBXGroup section */
		4D228930204874B300DFFA94 = {
			isa = PBXGroup;
			children = (
				4D22896A204874DB00DFFA94 /* Property List.plist */,
				4D22893B204874B300DFFA94 /* cargarDatosPropertyList */,
				4D228950204874B300DFFA94 /* cargarDatosPropertyListTests */,
				4D22895B204874B300DFFA94 /* cargarDatosPropertyListUITests */,
				4D22893A204874B300DFFA94 /* Products */,
			);
			sourceTree = "<group>";
		};
		4D22893A204874B300DFFA94 /* Products */ = {
			isa = PBXGroup;
			children = (
				4D228939204874B300DFFA94 /* cargarDatosPropertyList.app */,
				4D22894D204874B300DFFA94 /* cargarDatosPropertyListTests.xctest */,
				4D228958204874B300DFFA94 /* cargarDatosPropertyListUITests.xctest */,
			);
			name = Products;
			sourceTree = "<group>";
		};
		4D22893B204874B300DFFA94 /* cargarDatosPropertyList */ = {
			isa = PBXGroup;
			children = (
				4D22893C204874B300DFFA94 /* AppDelegate.swift */,
				4D22893E204874B300DFFA94 /* ViewController.swift */,
				4D228940204874B300DFFA94 /* Main.storyboard */,
				4D228943204874B300DFFA94 /* Assets.xcassets */,
				4D228945204874B300DFFA94 /* LaunchScreen.storyboard */,
				4D228948204874B300DFFA94 /* Info.plist */,
			);
			path = cargarDatosPropertyList;
			sourceTree = "<group>";
		};
		4D228950204874B300DFFA94 /* cargarDatosPropertyListTests */ = {
			isa = PBXGroup;
			children = (
				4D228951204874B300DFFA94 /* cargarDatosPropertyListTests.swift */,
				4D228953204874B300DFFA94 /* Info.plist */,
			);
			path = cargarDatosPropertyListTests;
			sourceTree = "<group>";
		};
		4D22895B204874B300DFFA94 /* cargarDatosPropertyListUITests */ = {
			isa = PBXGroup;
			children = (
				4D22895C204874B300DFFA94 /* cargarDatosPropertyListUITests.swift */,
				4D22895E204874B300DFFA94 /* Info.plist */,
			);
			path = cargarDatosPropertyListUITests;
			sourceTree = "<group>";
		};
/* End PBXGroup section */

/* Begin PBXNativeTarget section */
		4D228938204874B300DFFA94 /* cargarDatosPropertyList */ = {
			isa = PBXNativeTarget;
			buildConfigurationList = 4D228961204874B300DFFA94 /* Build configuration list for PBXNativeTarget "cargarDatosPropertyList" */;
			buildPhases = (
				4D228935204874B300DFFA94 /* Sources */,
				4D228936204874B300DFFA94 /* Frameworks */,
				4D228937204874B300DFFA94 /* Resources */,
			);
			buildRules = (
			);
			dependencies = (
			);
			name = cargarDatosPropertyList;
			productName = cargarDatosPropertyList;
			productReference = 4D228939204874B300DFFA94 /* cargarDatosPropertyList.app */;
			productType = "com.apple.product-type.application";
		};
		4D22894C204874B300DFFA94 /* cargarDatosPropertyListTests */ = {
			isa = PBXNativeTarget;
			buildConfigurationList = 4D228964204874B300DFFA94 /* Build configuration list for PBXNativeTarget "cargarDatosPropertyListTests" */;
			buildPhases = (
				4D228949204874B300DFFA94 /* Sources */,
				4D22894A204874B300DFFA94 /* Frameworks */,
				4D22894B204874B300DFFA94 /* Resources */,
			);
			buildRules = (
			);
			dependencies = (
				4D22894F204874B300DFFA94 /* PBXTargetDependency */,
			);
			name = cargarDatosPropertyListTests;
			productName = cargarDatosPropertyListTests;
			productReference = 4D22894D204874B300DFFA94 /* cargarDatosPropertyListTests.xctest */;
			productType = "com.apple.product-type.bundle.unit-test";
		};
		4D228957204874B300DFFA94 /* cargarDatosPropertyListUITests */ = {
			isa = PBXNativeTarget;
			buildConfigurationList = 4D228967204874B300DFFA94 /* Build configuration list for PBXNativeTarget "cargarDatosPropertyListUITests" */;
			buildPhases = (
				4D228954204874B300DFFA94 /* Sources */,
				4D228955204874B300DFFA94 /* Frameworks */,
				4D228956204874B300DFFA94 /* Resources */,
			);
			buildRules = (
			);
			dependencies = (
				4D22895A204874B300DFFA94 /* PBXTargetDependency */,
			);
			name = cargarDatosPropertyListUITests;
			productName = cargarDatosPropertyListUITests;
			productReference = 4D228958204874B300DFFA94 /* cargarDatosPropertyListUITests.xctest */;
			productType = "com.apple.product-type.bundle.ui-testing";
		};
/* End PBXNativeTarget section */

/* Begin PBXProject section */
		4D228931204874B300DFFA94 /* Project object */ = {
			isa = PBXProject;
			attributes = {
				LastSwiftUpdateCheck = 0820;
				LastUpgradeCheck = 0820;
				ORGANIZATIONNAME = "Hernán Iruegas Villarreal";
				TargetAttributes = {
					4D228938204874B300DFFA94 = {
						CreatedOnToolsVersion = 8.2;
						ProvisioningStyle = Automatic;
					};
					4D22894C204874B300DFFA94 = {
						CreatedOnToolsVersion = 8.2;
						ProvisioningStyle = Automatic;
						TestTargetID = 4D228938204874B300DFFA94;
					};
					4D228957204874B300DFFA94 = {
						CreatedOnToolsVersion = 8.2;
						ProvisioningStyle = Automatic;
						TestTargetID = 4D228938204874B300DFFA94;
					};
				};
			};
			buildConfigurationList = 4D228934204874B300DFFA94 /* Build configuration list for PBXProject "cargarDatosPropertyList" */;
			compatibilityVersion = "Xcode 3.2";
			developmentRegion = English;
			hasScannedForEncodings = 0;
			knownRegions = (
				en,
				Base,
			);
			mainGroup = 4D228930204874B300DFFA94;
			productRefGroup = 4D22893A204874B300DFFA94 /* Products */;
			projectDirPath = "";
			projectRoot = "";
			targets = (
				4D228938204874B300DFFA94 /* cargarDatosPropertyList */,
				4D22894C204874B300DFFA94 /* cargarDatosPropertyListTests */,
				4D228957204874B300DFFA94 /* cargarDatosPropertyListUITests */,
			);
		};
/* End PBXProject section */

/* Begin PBXResourcesBuildPhase section */
		4D228937204874B300DFFA94 /* Resources */ = {
			isa = PBXResourcesBuildPhase;
			buildActionMask = 2147483647;
			files = (
				4D228947204874B300DFFA94 /* LaunchScreen.storyboard in Resources */,
				4D228944204874B300DFFA94 /* Assets.xcassets in Resources */,
				4D22896B204874DB00DFFA94 /* Property List.plist in Resources */,
				4D228942204874B300DFFA94 /* Main.storyboard in Resources */,
			);
			runOnlyForDeploymentPostprocessing = 0;
		};
		4D22894B204874B300DFFA94 /* Resources */ = {
			isa = PBXResourcesBuildPhase;
			buildActionMask = 2147483647;
			files = (
			);
			runOnlyForDeploymentPostprocessing = 0;
		};
		4D228956204874B300DFFA94 /* Resources */ = {
			isa = PBXResourcesBuildPhase;
			buildActionMask = 2147483647;
			files = (
			);
			runOnlyForDeploymentPostprocessing = 0;
		};
/* End PBXResourcesBuildPhase section */

/* Begin PBXSourcesBuildPhase section */
		4D228935204874B300DFFA94 /* Sources */ = {
			isa = PBXSourcesBuildPhase;
			buildActionMask = 2147483647;
			files = (
				4D22893F204874B300DFFA94 /* ViewController.swift in Sources */,
				4D22893D204874B300DFFA94 /* AppDelegate.swift in Sources */,
			);
			runOnlyForDeploymentPostprocessing = 0;
		};
		4D228949204874B300DFFA94 /* Sources */ = {
			isa = PBXSourcesBuildPhase;
			buildActionMask = 2147483647;
			files = (
				4D228952204874B300DFFA94 /* cargarDatosPropertyListTests.swift in Sources */,
			);
			runOnlyForDeploymentPostprocessing = 0;
		};
		4D228954204874B300DFFA94 /* Sources */ = {
			isa = PBXSourcesBuildPhase;
			buildActionMask = 2147483647;
			files = (
				4D22895D204874B300DFFA94 /* cargarDatosPropertyListUITests.swift in Sources */,
			);
			runOnlyForDeploymentPostprocessing = 0;
		};
/* End PBXSourcesBuildPhase section */

/* Begin PBXTargetDependency section */
		4D22894F204874B300DFFA94 /* PBXTargetDependency */ = {
			isa = PBXTargetDependency;
			target = 4D228938204874B300DFFA94 /* cargarDatosPropertyList */;
			targetProxy = 4D22894E204874B300DFFA94 /* PBXContainerItemProxy */;
		};
		4D22895A204874B300DFFA94 /* PBXTargetDependency */ = {
			isa = PBXTargetDependency;
			target = 4D228938204874B300DFFA94 /* cargarDatosPropertyList */;
			targetProxy = 4D228959204874B300DFFA94 /* PBXContainerItemProxy */;
		};
/* End PBXTargetDependency section */

/* Begin PBXVariantGroup section */
		4D228940204874B300DFFA94 /* Main.storyboard */ = {
			isa = PBXVariantGroup;
			children = (
				4D228941204874B300DFFA94 /* Base */,
			);
			name = Main.storyboard;
			sourceTree = "<group>";
		};
		4D228945204874B300DFFA94 /* LaunchScreen.storyboard */ = {
			isa = PBXVariantGroup;
			children = (
				4D228946204874B300DFFA94 /* Base */,
			);
			name = LaunchScreen.storyboard;
			sourceTree = "<group>";
		};
/* End PBXVariantGroup section */

/* Begin XCBuildConfiguration section */
		4D22895F204874B300DFFA94 /* Debug */ = {
			isa = XCBuildConfiguration;
			buildSettings = {
				ALWAYS_SEARCH_USER_PATHS = NO;
				CLANG_ANALYZER_NONNULL = YES;
				CLANG_CXX_LANGUAGE_STANDARD = "gnu++0x";
				CLANG_CXX_LIBRARY = "libc++";
				CLANG_ENABLE_MODULES = YES;
				CLANG_ENABLE_OBJC_ARC = YES;
				CLANG_WARN_BOOL_CONVERSION = YES;
				CLANG_WARN_CONSTANT_CONVERSION = YES;
				CLANG_WARN_DIRECT_OBJC_ISA_USAGE = YES_ERROR;
				CLANG_WARN_DOCUMENTATION_COMMENTS = YES;
				CLANG_WARN_EMPTY_BODY = YES;
				CLANG_WARN_ENUM_CONVERSION = YES;
				CLANG_WARN_INFINITE_RECURSION = YES;
				CLANG_WARN_INT_CONVERSION = YES;
				CLANG_WARN_OBJC_ROOT_CLASS = YES_ERROR;
				CLANG_WARN_SUSPICIOUS_MOVE = YES;
				CLANG_WARN_UNREACHABLE_CODE = YES;
				CLANG_WARN__DUPLICATE_METHOD_MATCH = YES;
				"CODE_SIGN_IDENTITY[sdk=iphoneos*]" = "iPhone Developer";
				COPY_PHASE_STRIP = NO;
				DEBUG_INFORMATION_FORMAT = dwarf;
				ENABLE_STRICT_OBJC_MSGSEND = YES;
				ENABLE_TESTABILITY = YES;
				GCC_C_LANGUAGE_STANDARD = gnu99;
				GCC_DYNAMIC_NO_PIC = NO;
				GCC_NO_COMMON_BLOCKS = YES;
				GCC_OPTIMIZATION_LEVEL = 0;
				GCC_PREPROCESSOR_DEFINITIONS = (
					"DEBUG=1",
					"$(inherited)",
				);
				GCC_WARN_64_TO_32_BIT_CONVERSION = YES;
				GCC_WARN_ABOUT_RETURN_TYPE = YES_ERROR;
				GCC_WARN_UNDECLARED_SELECTOR = YES;
				GCC_WARN_UNINITIALIZED_AUTOS = YES_AGGRESSIVE;
				GCC_WARN_UNUSED_FUNCTION = YES;
				GCC_WARN_UNUSED_VARIABLE = YES;
				IPHONEOS_DEPLOYMENT_TARGET = 10.2;
				MTL_ENABLE_DEBUG_INFO = YES;
				ONLY_ACTIVE_ARCH = YES;
				SDKROOT = iphoneos;
				SWIFT_ACTIVE_COMPILATION_CONDITIONS = DEBUG;
				SWIFT_OPTIMIZATION_LEVEL = "-Onone";
				TARGETED_DEVICE_FAMILY = "1,2";
			};
			name = Debug;
		};
		4D228960204874B300DFFA94 /* Release */ = {
			isa = XCBuildConfiguration;
			buildSettings = {
				ALWAYS_SEARCH_USER_PATHS = NO;
				CLANG_ANALYZER_NONNULL = YES;
				CLANG_CXX_LANGUAGE_STANDARD = "gnu++0x";
				CLANG_CXX_LIBRARY = "libc++";
				CLANG_ENABLE_MODULES = YES;
				CLANG_ENABLE_OBJC_ARC = YES;
				CLANG_WARN_BOOL_CONVERSION = YES;
				CLANG_WARN_CONSTANT_CONVERSION = YES;
				CLANG_WARN_DIRECT_OBJC_ISA_USAGE = YES_ERROR;
				CLANG_WARN_DOCUMENTATION_COMMENTS = YES;
				CLANG_WARN_EMPTY_BODY = YES;
				CLANG_WARN_ENUM_CONVERSION = YES;
				CLANG_WARN_INFINITE_RECURSION = YES;
				CLANG_WARN_INT_CONVERSION = YES;
				CLANG_WARN_OBJC_ROOT_CLASS = YES_ERROR;
				CLANG_WARN_SUSPICIOUS_MOVE = YES;
				CLANG_WARN_UNREACHABLE_CODE = YES;
				CLANG_WARN__DUPLICATE_METHOD_MATCH = YES;
				"CODE_SIGN_IDENTITY[sdk=iphoneos*]" = "iPhone Developer";
				COPY_PHASE_STRIP = NO;
				DEBUG_INFORMATION_FORMAT = "dwarf-with-dsym";
				ENABLE_NS_ASSERTIONS = NO;
				ENABLE_STRICT_OBJC_MSGSEND = YES;
				GCC_C_LANGUAGE_STANDARD = gnu99;
				GCC_NO_COMMON_BLOCKS = YES;
				GCC_WARN_64_TO_32_BIT_CONVERSION = YES;
				GCC_WARN_ABOUT_RETURN_TYPE = YES_ERROR;
				GCC_WARN_UNDECLARED_SELECTOR = YES;
				GCC_WARN_UNINITIALIZED_AUTOS = YES_AGGRESSIVE;
				GCC_WARN_UNUSED_FUNCTION = YES;
				GCC_WARN_UNUSED_VARIABLE = YES;
				IPHONEOS_DEPLOYMENT_TARGET = 10.2;
				MTL_ENABLE_DEBUG_INFO = NO;
				SDKROOT = iphoneos;
				SWIFT_OPTIMIZATION_LEVEL = "-Owholemodule";
				TARGETED_DEVICE_FAMILY = "1,2";
				VALIDATE_PRODUCT = YES;
			};
			name = Release;
		};
		4D228962204874B300DFFA94 /* Debug */ = {
			isa = XCBuildConfiguration;
			buildSettings = {
				ASSETCATALOG_COMPILER_APPICON_NAME = AppIcon;
				INFOPLIST_FILE = cargarDatosPropertyList/Info.plist;
				LD_RUNPATH_SEARCH_PATHS = "$(inherited) @executable_path/Frameworks";
				PRODUCT_BUNDLE_IDENTIFIER = hernan.cargarDatosPropertyList;
				PRODUCT_NAME = "$(TARGET_NAME)";
				SWIFT_VERSION = 3.0;
			};
			name = Debug;
		};
		4D228963204874B300DFFA94 /* Release */ = {
			isa = XCBuildConfiguration;
			buildSettings = {
				ASSETCATALOG_COMPILER_APPICON_NAME = AppIcon;
				INFOPLIST_FILE = cargarDatosPropertyList/Info.plist;
				LD_RUNPATH_SEARCH_PATHS = "$(inherited) @executable_path/Frameworks";
				PRODUCT_BUNDLE_IDENTIFIER = hernan.cargarDatosPropertyList;
				PRODUCT_NAME = "$(TARGET_NAME)";
				SWIFT_VERSION = 3.0;
			};
			name = Release;
		};
		4D228965204874B300DFFA94 /* Debug */ = {
			isa = XCBuildConfiguration;
			buildSettings = {
				ALWAYS_EMBED_SWIFT_STANDARD_LIBRARIES = YES;
				BUNDLE_LOADER = "$(TEST_HOST)";
				INFOPLIST_FILE = cargarDatosPropertyListTests/Info.plist;
				LD_RUNPATH_SEARCH_PATHS = "$(inherited) @executable_path/Frameworks @loader_path/Frameworks";
				PRODUCT_BUNDLE_IDENTIFIER = hernan.cargarDatosPropertyListTests;
				PRODUCT_NAME = "$(TARGET_NAME)";
				SWIFT_VERSION = 3.0;
				TEST_HOST = "$(BUILT_PRODUCTS_DIR)/cargarDatosPropertyList.app/cargarDatosPropertyList";
			};
			name = Debug;
		};
		4D228966204874B300DFFA94 /* Release */ = {
			isa = XCBuildConfiguration;
			buildSettings = {
				ALWAYS_EMBED_SWIFT_STANDARD_LIBRARIES = YES;
				BUNDLE_LOADER = "$(TEST_HOST)";
				INFOPLIST_FILE = cargarDatosPropertyListTests/Info.plist;
				LD_RUNPATH_SEARCH_PATHS = "$(inherited) @executable_path/Frameworks @loader_path/Frameworks";
				PRODUCT_BUNDLE_IDENTIFIER = hernan.cargarDatosPropertyListTests;
				PRODUCT_NAME = "$(TARGET_NAME)";
				SWIFT_VERSION = 3.0;
				TEST_HOST = "$(BUILT_PRODUCTS_DIR)/cargarDatosPropertyList.app/cargarDatosPropertyList";
			};
			name = Release;
		};
		4D228968204874B300DFFA94 /* Debug */ = {
			isa = XCBuildConfiguration;
			buildSettings = {
				ALWAYS_EMBED_SWIFT_STANDARD_LIBRARIES = YES;
				INFOPLIST_FILE = cargarDatosPropertyListUITests/Info.plist;
				LD_RUNPATH_SEARCH_PATHS = "$(inherited) @executable_path/Frameworks @loader_path/Frameworks";
				PRODUCT_BUNDLE_IDENTIFIER = hernan.cargarDatosPropertyListUITests;
				PRODUCT_NAME = "$(TARGET_NAME)";
				SWIFT_VERSION = 3.0;
				TEST_TARGET_NAME = cargarDatosPropertyList;
			};
			name = Debug;
		};
		4D228969204874B300DFFA94 /* Release */ = {
			isa = XCBuildConfiguration;
			buildSettings = {
				ALWAYS_EMBED_SWIFT_STANDARD_LIBRARIES = YES;
				INFOPLIST_FILE = cargarDatosPropertyListUITests/Info.plist;
				LD_RUNPATH_SEARCH_PATHS = "$(inherited) @executable_path/Frameworks @loader_path/Frameworks";
				PRODUCT_BUNDLE_IDENTIFIER = hernan.cargarDatosPropertyListUITests;
				PRODUCT_NAME = "$(TARGET_NAME)";
				SWIFT_VERSION = 3.0;
				TEST_TARGET_NAME = cargarDatosPropertyList;
			};
			name = Release;
		};
/* End XCBuildConfiguration section */

/* Begin XCConfigurationList section */
		4D228934204874B300DFFA94 /* Build configuration list for PBXProject "cargarDatosPropertyList" */ = {
			isa = XCConfigurationList;
			buildConfigurations = (
				4D22895F204874B300DFFA94 /* Debug */,
				4D228960204874B300DFFA94 /* Release */,
			);
			defaultConfigurationIsVisible = 0;
			defaultConfigurationName = Release;
		};
		4D228961204874B300DFFA94 /* Build configuration list for PBXNativeTarget "cargarDatosPropertyList" */ = {
			isa = XCConfigurationList;
			buildConfigurations = (
				4D228962204874B300DFFA94 /* Debug */,
				4D228963204874B300DFFA94 /* Release */,
			);
			defaultConfigurationIsVisible = 0;
		};
		4D228964204874B300DFFA94 /* Build configuration list for PBXNativeTarget "cargarDatosPropertyListTests" */ = {
			isa = XCConfigurationList;
			buildConfigurations = (
				4D228965204874B300DFFA94 /* Debug */,
				4D228966204874B300DFFA94 /* Release */,
			);
			defaultConfigurationIsVisible = 0;
		};
		4D228967204874B300DFFA94 /* Build configuration list for PBXNativeTarget "cargarDatosPropertyListUITests" */ = {
			isa = XCConfigurationList;
			buildConfigurations = (
				4D228968204874B300DFFA94 /* Debug */,
				4D228969204874B300DFFA94 /* Release */,
			);
			defaultConfigurationIsVisible = 0;
		};
/* End XCConfigurationList section */
	};
	rootObject = 4D228931204874B300DFFA94 /* Project object */;
}
